
Microsoft Visual Studio Solution File, Format Version 12.00
# Visual Studio Version 17
VisualStudioVersion = 17.11.35312.102
MinimumVisualStudioVersion = 10.0.40219.1
Project("{2150E333-8FDC-42A3-9474-1A3956D46DE8}") = "Task0", "Task0", "{BE3FECF6-C276-49A9-B2E5-236AB032142E}"
EndProject
Project("{FAE04EC0-301F-11D3-BF4B-00C04F79EFBC}") = "Tyuiu.BlagihIA.Sprint2.Task0.V3", "Tyuiu.BlagihIA.Sprint2.Task0.V3\Tyuiu.BlagihIA.Sprint2.Task0.V3.csproj", "{955B73EF-2EF3-47E4-BC67-A7D4B83A8A4D}"
EndProject
Project("{FAE04EC0-301F-11D3-BF4B-00C04F79EFBC}") = "Tyuiu.BlagihIA.Sprint2.Task0.V3.Lib", "Tyuiu.BlagihIA.Sprint2.Task0.V3.Lib\Tyuiu.BlagihIA.Sprint2.Task0.V3.Lib.csproj", "{5DA73725-5724-4E34-BE13-F4162DCA8075}"
EndProject
Project("{FAE04EC0-301F-11D3-BF4B-00C04F79EFBC}") = "Tyuiu.BlagihIA.Sprint2.Task0.V3.Test", "Tyuiu.BlagihIA.Sprint2.Task0.V3.Test\Tyuiu.BlagihIA.Sprint2.Task0.V3.Test.csproj", "{F942AC97-E2FA-4658-BB80-099462D7CBA8}"
EndProject
Project("{2150E333-8FDC-42A3-9474-1A3956D46DE8}") = "Task1", "Task1", "{666E819C-0AC9-49F6-8784-CEA40C7DA3E9}"
EndProject
Project("{FAE04EC0-301F-11D3-BF4B-00C04F79EFBC}") = "Tyuiu.BlagihIA.Sprint2.Task1.V1", "Tyuiu.BlagihIA.Sprint2.Task1.V1\Tyuiu.BlagihIA.Sprint2.Task1.V1.csproj", "{97A69CBB-D22E-45C6-8AEA-AF7617B98BCC}"
EndProject
Project("{FAE04EC0-301F-11D3-BF4B-00C04F79EFBC}") = "Tyuiu.BlagihIA.Sprint2.Task1.V1.Lib", "Tyuiu.BlagihIA.Sprint2.Task1.V1.Lib\Tyuiu.BlagihIA.Sprint2.Task1.V1.Lib.csproj", "{B862D724-B0A5-44E0-ADB9-C2CAC10E3514}"
EndProject
Project("{FAE04EC0-301F-11D3-BF4B-00C04F79EFBC}") = "Tyuiu.BlagihIA.Sprint2.Task1.V1.Test", "Tyuiu.BlagihIA.Sprint2.Task1.V1.Test\Tyuiu.BlagihIA.Sprint2.Task1.V1.Test.csproj", "{DC6AF1F6-1C10-4E9F-B1F8-3B279BD477E9}"
EndProject
Global
	GlobalSection(SolutionConfigurationPlatforms) = preSolution
		Debug|Any CPU = Debug|Any CPU
		Release|Any CPU = Release|Any CPU
	EndGlobalSection
	GlobalSection(ProjectConfigurationPlatforms) = postSolution
		{955B73EF-2EF3-47E4-BC67-A7D4B83A8A4D}.Debug|Any CPU.ActiveCfg = Debug|Any CPU
		{955B73EF-2EF3-47E4-BC67-A7D4B83A8A4D}.Debug|Any CPU.Build.0 = Debug|Any CPU
		{955B73EF-2EF3-47E4-BC67-A7D4B83A8A4D}.Release|Any CPU.ActiveCfg = Release|Any CPU
		{955B73EF-2EF3-47E4-BC67-A7D4B83A8A4D}.Release|Any CPU.Build.0 = Release|Any CPU
		{5DA73725-5724-4E34-BE13-F4162DCA8075}.Debug|Any CPU.ActiveCfg = Debug|Any CPU
		{5DA73725-5724-4E34-BE13-F4162DCA8075}.Debug|Any CPU.Build.0 = Debug|Any CPU
		{5DA73725-5724-4E34-BE13-F4162DCA8075}.Release|Any CPU.ActiveCfg = Release|Any CPU
		{5DA73725-5724-4E34-BE13-F4162DCA8075}.Release|Any CPU.Build.0 = Release|Any CPU
		{F942AC97-E2FA-4658-BB80-099462D7CBA8}.Debug|Any CPU.ActiveCfg = Debug|Any CPU
		{F942AC97-E2FA-4658-BB80-099462D7CBA8}.Debug|Any CPU.Build.0 = Debug|Any CPU
		{F942AC97-E2FA-4658-BB80-099462D7CBA8}.Release|Any CPU.ActiveCfg = Release|Any CPU
		{F942AC97-E2FA-4658-BB80-099462D7CBA8}.Release|Any CPU.Build.0 = Release|Any CPU
		{97A69CBB-D22E-45C6-8AEA-AF7617B98BCC}.Debug|Any CPU.ActiveCfg = Debug|Any CPU
		{97A69CBB-D22E-45C6-8AEA-AF7617B98BCC}.Debug|Any CPU.Build.0 = Debug|Any CPU
		{97A69CBB-D22E-45C6-8AEA-AF7617B98BCC}.Release|Any CPU.ActiveCfg = Release|Any CPU
		{97A69CBB-D22E-45C6-8AEA-AF7617B98BCC}.Release|Any CPU.Build.0 = Release|Any CPU
		{B862D724-B0A5-44E0-ADB9-C2CAC10E3514}.Debug|Any CPU.ActiveCfg = Debug|Any CPU
		{B862D724-B0A5-44E0-ADB9-C2CAC10E3514}.Debug|Any CPU.Build.0 = Debug|Any CPU
		{B862D724-B0A5-44E0-ADB9-C2CAC10E3514}.Release|Any CPU.ActiveCfg = Release|Any CPU
		{B862D724-B0A5-44E0-ADB9-C2CAC10E3514}.Release|Any CPU.Build.0 = Release|Any CPU
		{DC6AF1F6-1C10-4E9F-B1F8-3B279BD477E9}.Debug|Any CPU.ActiveCfg = Debug|Any CPU
		{DC6AF1F6-1C10-4E9F-B1F8-3B279BD477E9}.Debug|Any CPU.Build.0 = Debug|Any CPU
		{DC6AF1F6-1C10-4E9F-B1F8-3B279BD477E9}.Release|Any CPU.ActiveCfg = Release|Any CPU
		{DC6AF1F6-1C10-4E9F-B1F8-3B279BD477E9}.Release|Any CPU.Build.0 = Release|Any CPU
	EndGlobalSection
	GlobalSection(SolutionProperties) = preSolution
		HideSolutionNode = FALSE
	EndGlobalSection
	GlobalSection(NestedProjects) = preSolution
		{955B73EF-2EF3-47E4-BC67-A7D4B83A8A4D} = {BE3FECF6-C276-49A9-B2E5-236AB032142E}
		{5DA73725-5724-4E34-BE13-F4162DCA8075} = {BE3FECF6-C276-49A9-B2E5-236AB032142E}
		{F942AC97-E2FA-4658-BB80-099462D7CBA8} = {BE3FECF6-C276-49A9-B2E5-236AB032142E}
		{97A69CBB-D22E-45C6-8AEA-AF7617B98BCC} = {666E819C-0AC9-49F6-8784-CEA40C7DA3E9}
		{B862D724-B0A5-44E0-ADB9-C2CAC10E3514} = {666E819C-0AC9-49F6-8784-CEA40C7DA3E9}
		{DC6AF1F6-1C10-4E9F-B1F8-3B279BD477E9} = {666E819C-0AC9-49F6-8784-CEA40C7DA3E9}
	EndGlobalSection
	GlobalSection(ExtensibilityGlobals) = postSolution
		SolutionGuid = {339BAE31-1C66-4BF8-A636-798F2801D4D9}
	EndGlobalSection
EndGlobal
